
Microsoft Visual Studio Solution File, Format Version 12.00
# Visual Studio Version 17
VisualStudioVersion = 17.5.002.0
MinimumVisualStudioVersion = 10.0.40219.1
Project("{9A19103F-16F7-4668-BE54-9A1E7A4F7556}") = "DSA", "DSA.csproj", "{9B6E46DE-3898-4F94-B8A1-F5CFE88ACD7F}"
EndProject
Global
	GlobalSection(SolutionConfigurationPlatforms) = preSolution
		Debug|Any CPU = Debug|Any CPU
		Release|Any CPU = Release|Any CPU
	EndGlobalSection
	GlobalSection(ProjectConfigurationPlatforms) = postSolution
		{9B6E46DE-3898-4F94-B8A1-F5CFE88ACD7F}.Debug|Any CPU.ActiveCfg = Debug|Any CPU
		{9B6E46DE-3898-4F94-B8A1-F5CFE88ACD7F}.Debug|Any CPU.Build.0 = Debug|Any CPU
		{9B6E46DE-3898-4F94-B8A1-F5CFE88ACD7F}.Release|Any CPU.ActiveCfg = Release|Any CPU
		{9B6E46DE-3898-4F94-B8A1-F5CFE88ACD7F}.Release|Any CPU.Build.0 = Release|Any CPU
	EndGlobalSection
	GlobalSection(SolutionProperties) = preSolution
		HideSolutionNode = FALSE
	EndGlobalSection
	GlobalSection(ExtensibilityGlobals) = postSolution
		SolutionGuid = {75D3E6B1-9BFB-4BDE-9F34-7F1025DA7E6F}
	EndGlobalSection
EndGlobal
